# THIS IS AN AUTOGENERATED FILE. DO NOT EDIT THIS FILE DIRECTLY.
assets/35BCC2_0_0.eot:
  development: 2018-02-18T22:02:20-05:00   2b19727f899f671849797f42d1ac5b7c
assets/35BCC2_0_0.ttf:
  development: 2018-02-18T22:02:24-05:00   daabc52d2880dff1997638c13563aa23
assets/35BCC2_0_0.woff:
  development: 2018-02-18T22:02:19-05:00   7fd1c59f0923977d83026325bbb61253
assets/35BCC2_0_0.woff2:
  development: 2018-02-18T22:02:18-05:00   ca28489880bad09cff7d266e21b0b7bd
assets/35BCC2_1_0.eot:
  development: 2018-02-18T22:02:19-05:00   99f735b494bcddd316b288d7a5969a88
assets/35BCC2_1_0.ttf:
  development: 2018-02-18T22:02:21-05:00   ed107594febbbb666b86901ade91381d
assets/35BCC2_1_0.woff:
  development: 2018-02-18T22:02:25-05:00   e4436e7ddff9c922d9ff307deb8e6fca
assets/35BCC2_1_0.woff2:
  development: 2018-02-18T22:02:21-05:00   346bd2924057afe48b2e9f510e4e4d87
assets/33649D_0_0.eot:
  development: 2018-02-18T22:02:17-05:00   2481029230d43cdce64f638b29e8cae9
assets/33649D_0_0.ttf:
  development: 2018-02-18T22:02:23-05:00   428754ba4ff596df05c00f5abd13aa9e
assets/33649D_0_0.woff:
  development: 2018-02-18T22:02:23-05:00   53e2d0d370ed228f3cf33e6220c79a7e
assets/33649D_0_0.woff2:
  development: 2018-02-18T22:02:18-05:00   11384348d5690a0a09203ec2d8381f06
assets/33649D_1_0.eot:
  development: 2018-02-18T22:02:24-05:00   14185e11ab83a34d75d4020a57df3121
assets/33649D_1_0.ttf:
  development: 2018-02-18T22:02:24-05:00   e44714a2b8a6032672128980b197f4e7
assets/33649D_1_0.woff:
  development: 2018-02-18T22:02:26-05:00   ef225b4fba726db3140d06ed24de2878
assets/33649D_1_0.woff2:
  development: 2018-02-18T22:02:26-05:00   0411a441e7c3575bc15c14dfea0af273
assets/33649D_2_0.eot:
  development: 2018-02-18T22:02:25-05:00   a31a3ce9ab8b812f848d2117c8a31973
assets/33649D_2_0.ttf:
  development: 2018-02-18T22:02:17-05:00   50004c266496475360b66869c9b56c22
assets/33649D_2_0.woff:
  development: 2018-02-18T22:02:22-05:00   858adfc1f69db2472227504d6a48788c
assets/33649D_2_0.woff2:
  development: 2018-02-18T22:02:21-05:00   96394a99553f2753b309885146ef915d
assets/app.js:
  development: 2018-02-26T10:19:30-05:00   c8f1224cf7ff91c49b20bae2ca659cd6
assets/fonts.css.liquid:
  development: 2018-02-19T12:35:21-05:00   959c58f32865197f5c52d668ed94e21c
assets/fps.css:
  development: 2018-02-26T00:17:43-05:00   59cd32486380107d10303ac472c1615e
assets/icon-logo.svg:
  development: 2018-02-18T21:05:44-05:00   7d4b603cad4b8d2a5cb30392ae555b64
assets/repeater-wave.png:
  development: 2018-02-19T13:50:26-05:00   238147dfb13a07292ab5e4152eeb96bd
config/settings_schema.json:
  development: 2018-02-19T19:33:43-05:00   9d336146be9fdce0de7b57a9720a465b
layout/gift_card.liquid:
  development: 2018-02-18T20:50:17-05:00   fd879938040ac68e4290269f18930b0c
layout/password.liquid:
  development: 2018-02-18T20:50:16-05:00   235ab14fbaa824ed910e149975d2747b
layout/theme.liquid:
  development: 2018-02-24T17:20:24-05:00   fa6d4de238d60bf60df4b62ebf7eef3f
locales/en.default.json:
  development: 2018-02-24T18:43:18-05:00   ebe96c09348d65e9a254010d08df10a0
sections/collection-list.liquid:
  development: 2018-02-19T00:24:12-05:00   0dc2b72bbb3ca9d21613898cea99b13d
sections/featured-collection.liquid:
  development: 2018-02-19T12:49:43-05:00   37c9a53cfd8d4ab1332c40086ee8f8f3
sections/featured-product.liquid:
  development: 2018-02-18T20:06:10-05:00   fb5c9c800bf3dc82d073817363333542
sections/footer.liquid:
  development: 2018-02-24T19:11:27-05:00   4e0f908043c046ac4e065d6ed469348e
sections/header.liquid:
  development: 2018-02-23T15:58:43-05:00   f3ffe91e816c5f20f9ed3b2b8342ded1
sections/product.liquid:
  development: 2018-02-26T00:17:52-05:00   6a48bd536e2c49834e55b7c2c28db907
snippets/collection-product.liquid:
  development: 2018-02-24T18:38:20-05:00   25b884ac87c4582a9ee8b014ddfe7586
snippets/contact.liquid:
  development: 2018-02-23T18:32:26-05:00   7f5dafbb8f96b47890bc06d58eda6f4c
snippets/icon-amazon_payments.liquid:
  development: 2018-02-18T20:27:23-05:00   fa528edb2afc07062b90b5dfcae4e0c4
snippets/icon-american_express.liquid:
  development: 2018-02-18T20:27:09-05:00   de929dd3580c7643e6956cef0b58907c
snippets/icon-apple_pay.liquid:
  development: 2018-02-18T20:27:10-05:00   7e02414ff2590be9c163253f213b8a53
snippets/icon-arrow-down.liquid:
  development: 2018-02-18T20:27:18-05:00   8e94e6f4ba7b931ed262140b2271fe12
snippets/icon-bitcoin.liquid:
  development: 2018-02-18T20:27:13-05:00   980695399b6b68e657c00e54b6ae8b07
snippets/icon-cart.liquid:
  development: 2018-02-18T20:27:10-05:00   fd440a09617803b19a3dcf57df4d0c0d
snippets/icon-cirrus.liquid:
  development: 2018-02-18T20:27:17-05:00   6982166311435a937435ebf851971771
snippets/icon-close.liquid:
  development: 2018-02-18T20:27:20-05:00   ce5f389b70b9792f88e23b29643fa266
snippets/icon-dankort.liquid:
  development: 2018-02-18T20:27:08-05:00   a346d965143e51fad3a6722bff1924d0
snippets/icon-diners_club.liquid:
  development: 2018-02-18T20:27:20-05:00   e529f3a11752b88fa5272386fbcefd66
snippets/icon-discover.liquid:
  development: 2018-02-18T20:27:15-05:00   e8660e66b676c3de6cef0731e2fc8c46
snippets/icon-dogecoin.liquid:
  development: 2018-02-18T20:27:16-05:00   a4de483c107585b2b6b56ab5a9ebf26d
snippets/icon-dwolla.liquid:
  development: 2018-02-18T20:27:11-05:00   655e2ed369789a6f2e374c7d5c5a1e88
snippets/icon-facebook.liquid:
  development: 2018-02-19T20:26:01-05:00   9972330a936b2db5de46b4699df075cc
snippets/icon-forbrugsforeningen.liquid:
  development: 2018-02-18T20:27:07-05:00   6c8bf83733601bb504eb852e596c5541
snippets/icon-hamburger.liquid:
  development: 2018-02-18T20:27:22-05:00   6ea2c9e394e6c189feb029a89c0e1902
snippets/icon-instagram.liquid:
  development: 2018-02-19T20:26:01-05:00   c0b922eb8e791e95226859fa05a51743
snippets/icon-interac.liquid:
  development: 2018-02-18T20:27:23-05:00   48308288d2c9f545dc6b05bbf1448d98
snippets/icon-jcb.liquid:
  development: 2018-02-18T20:27:17-05:00   1285e51cd22a6873d4202a82ee04bb58
snippets/icon-litecoin.liquid:
  development: 2018-02-18T20:27:08-05:00   6d2bcd5efae529b7f943e8255ffbea47
snippets/icon-lock.liquid:
  development: 2018-02-18T20:27:16-05:00   8ef353ef17bfea1b7d06005f63c20239
snippets/icon-maestro.liquid:
  development: 2018-02-18T20:27:12-05:00   b3d245f57169f09fc91ecbfcb7a394db
snippets/icon-master.liquid:
  development: 2018-02-18T20:27:19-05:00   f8b95e7ddb583e9ebfbdc3b70b87148a
snippets/icon-minus.liquid:
  development: 2018-02-18T20:27:24-05:00   1b37bbd9397f0db037fbbccaba367af5
snippets/icon-paypal.liquid:
  development: 2018-02-18T20:27:14-05:00   27b08bb657bc997e18cf4635dc95198e
snippets/icon-pinterest.liquid:
  development: 2018-02-18T20:27:18-05:00   d00ff5168da31069b8e6447a674dcffd
snippets/icon-plus.liquid:
  development: 2018-02-18T20:27:25-05:00   d9cda775eaeb3aadf00ed367aee4bdf7
snippets/icon-rss.liquid:
  development: 2018-02-18T20:27:21-05:00   5a3ef97466abd5c2653fd55212ca26e5
snippets/icon-search.liquid:
  development: 2018-02-18T20:27:11-05:00   1d84ffcb8a7072a4316074570e7b2584
snippets/icon-shopify-logo.liquid:
  development: 2018-02-18T20:27:14-05:00   c6d6a8393ddef9aa3a9599ab4a5acbf1
snippets/icon-snapchat.liquid:
  development: 2018-02-18T20:27:19-05:00   ef3a83f78117683070cbd2f02449021e
snippets/icon-tumblr.liquid:
  development: 2018-02-18T20:27:24-05:00   3a9c09a8d6a7ac84f34988eafa1e8bd0
snippets/icon-twitter.liquid:
  development: 2018-02-18T20:27:09-05:00   9bf3e035ea04301b975a975181aa40b5
snippets/icon-vimeo.liquid:
  development: 2018-02-18T20:27:12-05:00   bbd49c40e148a1caca3430dfd61f7583
snippets/icon-visa.liquid:
  development: 2018-02-18T20:27:22-05:00   f3320111a2d24c82e8f6083f947124e1
snippets/icon-youtube.liquid:
  development: 2018-02-18T20:27:13-05:00   02ca9b246e335cbc1fb214b8b1ee74c7
snippets/instagram-showcase.liquid:
  development: 2018-02-19T20:01:49-05:00   fe3b96f7ca32036c75aa543cd04e3bba
snippets/logo-headline.liquid:
  development: 2018-02-23T15:58:41-05:00   137d0d54de68101b3114abe4ccf7868a
snippets/newsletter-prompt.liquid:
  development: 2018-02-22T18:43:10-05:00   158dfd1b0144f32ffd1c607fd1a7e8c7
snippets/product-price.liquid:
  development: 2018-02-21T17:25:54-05:00   8cd3f161dcf9014222cd4879d4256657
snippets/scripts.liquid:
  development: 2018-02-26T10:11:11-05:00   bda36364adfc23f2610c157a1d43c485
snippets/secondary-menu.liquid:
  development: 2018-02-23T18:32:25-05:00   33af0ecccd6ae464f01a16dbd729d083
templates/404.liquid:
  development: 2018-02-21T17:25:53-05:00   59b16372e16897c5affe6dad317d5a0d
templates/article.liquid:
  development: 2018-02-21T17:25:56-05:00   dc2fe00634c31a2318e7dd1eb2327174
templates/cart.liquid:
  development: 2018-02-25T16:21:27-05:00   bd1871296b2a7f481d868729eb052936
templates/collection.liquid:
  development: 2018-02-21T17:25:55-05:00   22ae23b17fd446e8e1150433312b76f4
templates/index.liquid:
  development: 2018-02-21T17:25:52-05:00   a5d0ff4ae5a1829b7dbfab41e2c97a72
templates/page.contact.liquid:
  development: 2018-02-21T17:25:57-05:00   ecc5d103ec44da0bd2e5bf52a28ada3c
templates/page.liquid:
  development: 2018-02-21T17:25:57-05:00   ad1fd9a0159845a98a8949e657f33ca3
templates/page.styles.liquid:
  development: 2018-02-21T17:25:56-05:00   15fdea8e658f262d6a9a69c1fb813c93
templates/page.twocolumn.liquid:
  development: 2018-02-22T08:26:51-05:00   318bc845caafa5137c714b204560696d
templates/search.liquid:
  development: 2018-02-22T17:37:49-05:00   c5d8e77cac9a05717220cd6265c81a35
