# THIS IS AN AUTOGENERATED FILE. DO NOT EDIT THIS FILE DIRECTLY.
assets/35BCC2_0_0.eot:
  development: 2018-02-18T22:02:20-05:00   2b19727f899f671849797f42d1ac5b7c
assets/35BCC2_0_0.ttf:
  development: 2018-02-18T22:02:24-05:00   daabc52d2880dff1997638c13563aa23
assets/35BCC2_0_0.woff:
  development: 2018-02-18T22:02:19-05:00   7fd1c59f0923977d83026325bbb61253
assets/35BCC2_0_0.woff2:
  development: 2018-02-18T22:02:18-05:00   ca28489880bad09cff7d266e21b0b7bd
assets/35BCC2_1_0.eot:
  development: 2018-02-18T22:02:19-05:00   99f735b494bcddd316b288d7a5969a88
assets/35BCC2_1_0.ttf:
  development: 2018-02-18T22:02:21-05:00   ed107594febbbb666b86901ade91381d
assets/35BCC2_1_0.woff:
  development: 2018-02-18T22:02:25-05:00   e4436e7ddff9c922d9ff307deb8e6fca
assets/35BCC2_1_0.woff2:
  development: 2018-02-18T22:02:21-05:00   346bd2924057afe48b2e9f510e4e4d87
assets/33649D_0_0.eot:
  development: 2018-02-18T22:02:17-05:00   2481029230d43cdce64f638b29e8cae9
assets/33649D_0_0.ttf:
  development: 2018-02-18T22:02:23-05:00   428754ba4ff596df05c00f5abd13aa9e
assets/33649D_0_0.woff:
  development: 2018-02-18T22:02:23-05:00   53e2d0d370ed228f3cf33e6220c79a7e
assets/33649D_0_0.woff2:
  development: 2018-02-18T22:02:18-05:00   11384348d5690a0a09203ec2d8381f06
assets/33649D_1_0.eot:
  development: 2018-02-18T22:02:24-05:00   14185e11ab83a34d75d4020a57df3121
assets/33649D_1_0.ttf:
  development: 2018-02-18T22:02:24-05:00   e44714a2b8a6032672128980b197f4e7
assets/33649D_1_0.woff:
  development: 2018-02-18T22:02:26-05:00   ef225b4fba726db3140d06ed24de2878
assets/33649D_1_0.woff2:
  development: 2018-02-18T22:02:26-05:00   0411a441e7c3575bc15c14dfea0af273
assets/33649D_2_0.eot:
  development: 2018-02-18T22:02:25-05:00   a31a3ce9ab8b812f848d2117c8a31973
assets/33649D_2_0.ttf:
  development: 2018-02-18T22:02:17-05:00   50004c266496475360b66869c9b56c22
assets/33649D_2_0.woff:
  development: 2018-02-18T22:02:22-05:00   858adfc1f69db2472227504d6a48788c
assets/33649D_2_0.woff2:
  development: 2018-02-18T22:02:21-05:00   96394a99553f2753b309885146ef915d
assets/app.js:
  development: 2018-06-08T11:42:05-04:00   29de8c7d31238657652eae7f3a16d836
assets/burger.scss:
  development: 2018-03-03T17:22:32-05:00   2bf436d379e6712088db7f77a88ea9f2
assets/fonts.css.liquid:
  development: 2018-02-19T12:35:21-05:00   959c58f32865197f5c52d668ed94e21c
assets/fps.css:
  development: 2018-03-15T17:24:19-04:00   6ac6894477b2a1e3e0fd3cf25fbf9f21
assets/icon-logo.svg:
  development: 2018-02-18T21:05:44-05:00   7d4b603cad4b8d2a5cb30392ae555b64
assets/initial.css:
  development: 2018-02-18T20:46:53-05:00   f3b3849ea77b7961d14a3fc2f3bc2067
assets/medium-screens.css:
  development: 2018-06-08T11:33:24-04:00   404d0cde84f4652c5acd38aa24459c31
assets/normalize.css:
  development: 2018-02-18T20:31:27-05:00   8c6eee6b2107ef25dc486020ced13898
assets/repeater-wave.png:
  development: 2018-03-04T00:17:02-05:00   d3bc4fb6848229f908effe20fd8dd6dc
config/settings_data.json:
  development: 2018-05-02T21:53:47-04:00   1e58c929664652eaec9c57b5da93dbae
config/settings_schema.json:
  development: 2018-03-07T21:18:22-05:00   9d4eb69cb2c288cc9f86bb6639bcc127
layout/gift_card.liquid:
  development: 2018-02-18T20:50:17-05:00   fd879938040ac68e4290269f18930b0c
layout/password.liquid:
  development: 2018-03-07T23:04:55-05:00   92388ec3e76f95a6168874fd90e31c6c
layout/theme.liquid:
  development: 2018-03-04T00:39:39-05:00   c812325d7c0d88e1a9ea8b062be77cb2
locales/da.json:
  development: 2018-02-18T20:06:11-05:00   95a58eb18067e4498baaf8f5e1ba3b42
locales/de.json:
  development: 2018-02-18T20:06:11-05:00   310ea9d2ac8d9fdb8f48ba2a0323e9e5
locales/en.default.json:
  development: 2018-06-08T11:14:55-04:00   9f28008886f6153a7ac39444e7574e28
locales/es.json:
  development: 2018-02-18T20:06:11-05:00   5bef99727aa4c751ec7e7ec7bcf6c04c
locales/fr.json:
  development: 2018-02-18T20:06:11-05:00   dd11a8356b5ae41c443e3220b667ac32
locales/nl.json:
  development: 2018-02-18T20:06:11-05:00   097257892606991bed01c4fe846c8898
locales/pt-BR.json:
  development: 2018-02-18T20:06:11-05:00   6b58156c31cabf07a0394cb51f37c6ec
locales/pt-PT.json:
  development: 2018-02-18T20:06:11-05:00   1f39689b8220b99560c72f413f651461
sections/collection-list.liquid:
  development: 2018-03-07T20:48:54-05:00   ea26e2d7955ef32fae4220a752085aef
sections/featured-collection.liquid:
  development: 2018-02-19T12:49:43-05:00   37c9a53cfd8d4ab1332c40086ee8f8f3
sections/featured-product.liquid:
  development: 2018-02-18T20:06:10-05:00   fb5c9c800bf3dc82d073817363333542
sections/footer.liquid:
  development: 2018-03-04T00:21:06-05:00   2fc394c68620cbf2939acc6fdad0e391
sections/header.liquid:
  development: 2018-03-05T22:54:20-05:00   ee6bf1cf0b3b0ef6ef1afc76b1a5b3c1
sections/product.liquid:
  development: 2018-03-03T11:39:23-05:00   b226aeeee8697af199ee8652832421b6
snippets/burger.liquid:
  development: 2018-03-03T17:22:31-05:00   8a3ec907484e05d41e1e5dfc6949a499
snippets/collection-product.liquid:
  development: 2018-02-24T18:38:20-05:00   25b884ac87c4582a9ee8b014ddfe7586
snippets/contact.liquid:
  development: 2018-06-08T11:10:54-04:00   9ae300a6a5f3ada58c6dfd25073713fd
snippets/css-variables.liquid:
  development: 2018-02-18T20:06:11-05:00   e73e1f85264da0787217562af153dbbe
snippets/icon-amazon_payments.liquid:
  development: 2018-02-18T20:27:23-05:00   fa528edb2afc07062b90b5dfcae4e0c4
snippets/icon-american_express.liquid:
  development: 2018-02-18T20:27:09-05:00   de929dd3580c7643e6956cef0b58907c
snippets/icon-apple_pay.liquid:
  development: 2018-02-18T20:27:10-05:00   7e02414ff2590be9c163253f213b8a53
snippets/icon-arrow-down.liquid:
  development: 2018-02-18T20:27:18-05:00   8e94e6f4ba7b931ed262140b2271fe12
snippets/icon-bitcoin.liquid:
  development: 2018-02-18T20:27:13-05:00   980695399b6b68e657c00e54b6ae8b07
snippets/icon-cart.liquid:
  development: 2018-02-18T20:27:10-05:00   fd440a09617803b19a3dcf57df4d0c0d
snippets/icon-cirrus.liquid:
  development: 2018-02-18T20:27:17-05:00   6982166311435a937435ebf851971771
snippets/icon-close.liquid:
  development: 2018-02-18T20:27:20-05:00   ce5f389b70b9792f88e23b29643fa266
snippets/icon-dankort.liquid:
  development: 2018-02-18T20:27:08-05:00   a346d965143e51fad3a6722bff1924d0
snippets/icon-diners_club.liquid:
  development: 2018-02-18T20:27:20-05:00   e529f3a11752b88fa5272386fbcefd66
snippets/icon-discover.liquid:
  development: 2018-02-18T20:27:15-05:00   e8660e66b676c3de6cef0731e2fc8c46
snippets/icon-dogecoin.liquid:
  development: 2018-02-18T20:27:16-05:00   a4de483c107585b2b6b56ab5a9ebf26d
snippets/icon-dwolla.liquid:
  development: 2018-02-18T20:27:11-05:00   655e2ed369789a6f2e374c7d5c5a1e88
snippets/icon-facebook.liquid:
  development: 2018-02-19T20:26:01-05:00   9972330a936b2db5de46b4699df075cc
snippets/icon-forbrugsforeningen.liquid:
  development: 2018-02-18T20:27:07-05:00   6c8bf83733601bb504eb852e596c5541
snippets/icon-hamburger.liquid:
  development: 2018-02-18T20:27:22-05:00   6ea2c9e394e6c189feb029a89c0e1902
snippets/icon-instagram.liquid:
  development: 2018-02-19T20:26:01-05:00   c0b922eb8e791e95226859fa05a51743
snippets/icon-interac.liquid:
  development: 2018-02-18T20:27:23-05:00   48308288d2c9f545dc6b05bbf1448d98
snippets/icon-jcb.liquid:
  development: 2018-02-18T20:27:17-05:00   1285e51cd22a6873d4202a82ee04bb58
snippets/icon-litecoin.liquid:
  development: 2018-02-18T20:27:08-05:00   6d2bcd5efae529b7f943e8255ffbea47
snippets/icon-lock.liquid:
  development: 2018-02-18T20:27:16-05:00   8ef353ef17bfea1b7d06005f63c20239
snippets/icon-maestro.liquid:
  development: 2018-02-18T20:27:12-05:00   b3d245f57169f09fc91ecbfcb7a394db
snippets/icon-master.liquid:
  development: 2018-02-18T20:27:19-05:00   f8b95e7ddb583e9ebfbdc3b70b87148a
snippets/icon-minus.liquid:
  development: 2018-02-18T20:27:24-05:00   1b37bbd9397f0db037fbbccaba367af5
snippets/icon-paypal.liquid:
  development: 2018-02-18T20:27:14-05:00   27b08bb657bc997e18cf4635dc95198e
snippets/icon-pinterest.liquid:
  development: 2018-02-18T20:27:18-05:00   d00ff5168da31069b8e6447a674dcffd
snippets/icon-plus.liquid:
  development: 2018-02-18T20:27:25-05:00   d9cda775eaeb3aadf00ed367aee4bdf7
snippets/icon-rss.liquid:
  development: 2018-02-18T20:27:21-05:00   5a3ef97466abd5c2653fd55212ca26e5
snippets/icon-search.liquid:
  development: 2018-02-18T20:27:11-05:00   1d84ffcb8a7072a4316074570e7b2584
snippets/icon-shopify-logo.liquid:
  development: 2018-02-18T20:27:14-05:00   c6d6a8393ddef9aa3a9599ab4a5acbf1
snippets/icon-snapchat.liquid:
  development: 2018-02-18T20:27:19-05:00   ef3a83f78117683070cbd2f02449021e
snippets/icon-tumblr.liquid:
  development: 2018-02-18T20:27:24-05:00   3a9c09a8d6a7ac84f34988eafa1e8bd0
snippets/icon-twitter.liquid:
  development: 2018-02-18T20:27:09-05:00   9bf3e035ea04301b975a975181aa40b5
snippets/icon-vimeo.liquid:
  development: 2018-02-18T20:27:12-05:00   bbd49c40e148a1caca3430dfd61f7583
snippets/icon-visa.liquid:
  development: 2018-02-18T20:27:22-05:00   f3320111a2d24c82e8f6083f947124e1
snippets/icon-youtube.liquid:
  development: 2018-02-18T20:27:13-05:00   02ca9b246e335cbc1fb214b8b1ee74c7
snippets/instagram-showcase.liquid:
  development: 2018-03-07T21:22:09-05:00   098502517c1304ded96028baafec97ac
snippets/logo-headline.liquid:
  development: 2018-02-23T15:58:41-05:00   137d0d54de68101b3114abe4ccf7868a
snippets/newsletter-prompt.liquid:
  development: 2018-03-07T21:06:05-05:00   0cc132ca31570f89c6b31b37924c73d9
snippets/no-blocks.liquid:
  development: 2018-02-18T20:06:11-05:00   0cb7d758b6df0feb07ae5804b4b627fa
snippets/pagination.liquid:
  development: 2018-02-18T20:06:11-05:00   d4a467973d86f8663428ddaaaf035d12
snippets/product-price.liquid:
  development: 2018-02-21T17:25:54-05:00   8cd3f161dcf9014222cd4879d4256657
snippets/scripts.liquid:
  development: 2018-03-07T21:58:51-05:00   439ae3227eebf595390e41fbde47eaba
snippets/secondary-menu.liquid:
  development: 2018-02-23T18:32:25-05:00   33af0ecccd6ae464f01a16dbd729d083
snippets/social-meta-tags.liquid:
  development: 2018-02-18T20:06:11-05:00   312dfc487a1aa92503527dbc4a4e56b4
snippets/social-sharing.liquid:
  development: 2018-02-18T20:06:11-05:00   987f1d283ac10d7849dc69d76221e37a
templates/404.liquid:
  development: 2018-02-21T17:25:53-05:00   59b16372e16897c5affe6dad317d5a0d
templates/article.liquid:
  development: 2018-02-21T17:25:56-05:00   dc2fe00634c31a2318e7dd1eb2327174
templates/blog.liquid:
  development: 2018-02-18T20:06:11-05:00   6afa6d4a6ed4b457f72a4c28c536dca9
templates/cart.liquid:
  development: 2018-03-04T01:16:17-05:00   173a0823989c77769261494124a6b59b
templates/collection.liquid:
  development: 2018-03-07T20:55:32-05:00   d361abfe1c25008a12e91ca597c21c60
templates/gift_card.liquid:
  development: 2018-02-18T20:06:11-05:00   69ebb9767564780f5bc82e2c18bc6eb7
templates/index.liquid:
  development: 2018-02-21T17:25:52-05:00   a5d0ff4ae5a1829b7dbfab41e2c97a72
templates/list-collections.liquid:
  development: 2018-03-07T21:29:54-05:00   a7c2374c2231a0c103fa972774fdf5dc
templates/page.contact.liquid:
  development: 2018-03-07T22:53:22-05:00   e20f209dd5ef465234ce150203f3cd4b
templates/page.liquid:
  development: 2018-03-07T22:53:23-05:00   a41cb9f92eb9e99616dc0e8c8c2f94e9
templates/page.styles.liquid:
  development: 2018-02-21T17:25:56-05:00   15fdea8e658f262d6a9a69c1fb813c93
templates/page.twocolumn.liquid:
  development: 2018-03-07T22:53:22-05:00   28735e1e54b604c168c72c48298dc259
templates/password.liquid:
  development: 2018-03-07T23:29:19-05:00   d8f291155beb409dc2cd60876e0bbcfc
templates/product.liquid:
  development: 2018-02-18T20:06:12-05:00   4fd44b8093bad2e827e58f5564520abb
templates/search.liquid:
  development: 2018-02-22T17:37:49-05:00   c5d8e77cac9a05717220cd6265c81a35
